
Microsoft Visual Studio Solution File, Format Version 12.00
# Visual Studio Version 17
VisualStudioVersion = 17.14.37301.10 d17.14
MinimumVisualStudioVersion = 10.0.40219.1
Project("{FAE04EC0-301F-11D3-BF4B-00C04F79EFBC}") = "IDZ_1_MVP_2", "IDZ_1_MVP_2.csproj", "{EA407E01-FBD4-4BA6-8684-25615CC43AA1}"
EndProject
Global
	GlobalSection(SolutionConfigurationPlatforms) = preSolution
		Debug|Any CPU = Debug|Any CPU
		Release|Any CPU = Release|Any CPU
	EndGlobalSection
	GlobalSection(ProjectConfigurationPlatforms) = postSolution
		{EA407E01-FBD4-4BA6-8684-25615CC43AA1}.Debug|Any CPU.ActiveCfg = Debug|Any CPU
		{EA407E01-FBD4-4BA6-8684-25615CC43AA1}.Debug|Any CPU.Build.0 = Debug|Any CPU
		{EA407E01-FBD4-4BA6-8684-25615CC43AA1}.Release|Any CPU.ActiveCfg = Release|Any CPU
		{EA407E01-FBD4-4BA6-8684-25615CC43AA1}.Release|Any CPU.Build.0 = Release|Any CPU
	EndGlobalSection
	GlobalSection(SolutionProperties) = preSolution
		HideSolutionNode = FALSE
	EndGlobalSection
	GlobalSection(ExtensibilityGlobals) = postSolution
		SolutionGuid = {7C9B53B2-1CB8-412D-B401-247982D2C9AE}
	EndGlobalSection
EndGlobal
